// !$*UTF8*$!
{
	archiveVersion = 1;
	classes = {
	};
	objectVersion = 56;
	objects = {

/* Begin PBXBuildFile section */
		F3D0636529A07C3A00EEB520 /* coinXApp.swift in Sources */ = {isa = PBXBuildFile; fileRef = F3D0636429A07C3A00EEB520 /* coinXApp.swift */; };
		F3D0636729A07C3A00EEB520 /* ContentView.swift in Sources */ = {isa = PBXBuildFile; fileRef = F3D0636629A07C3A00EEB520 /* ContentView.swift */; };
		F3D0636929A07C3C00EEB520 /* Assets.xcassets in Resources */ = {isa = PBXBuildFile; fileRef = F3D0636829A07C3C00EEB520 /* Assets.xcassets */; };
		F3D0636C29A07C3C00EEB520 /* Preview Assets.xcassets in Resources */ = {isa = PBXBuildFile; fileRef = F3D0636B29A07C3C00EEB520 /* Preview Assets.xcassets */; };
		F3D0637629A07C3C00EEB520 /* coinXTests.swift in Sources */ = {isa = PBXBuildFile; fileRef = F3D0637529A07C3C00EEB520 /* coinXTests.swift */; };
		F3D0638029A07C3C00EEB520 /* coinXUITests.swift in Sources */ = {isa = PBXBuildFile; fileRef = F3D0637F29A07C3C00EEB520 /* coinXUITests.swift */; };
		F3D0638229A07C3C00EEB520 /* coinXUITestsLaunchTests.swift in Sources */ = {isa = PBXBuildFile; fileRef = F3D0638129A07C3C00EEB520 /* coinXUITestsLaunchTests.swift */; };
/* End PBXBuildFile section */

/* Begin PBXContainerItemProxy section */
		F3D0637229A07C3C00EEB520 /* PBXContainerItemProxy */ = {
			isa = PBXContainerItemProxy;
			containerPortal = F3D0635929A07C3A00EEB520 /* Project object */;
			proxyType = 1;
			remoteGlobalIDString = F3D0636029A07C3A00EEB520;
			remoteInfo = coinX;
		};
		F3D0637C29A07C3C00EEB520 /* PBXContainerItemProxy */ = {
			isa = PBXContainerItemProxy;
			containerPortal = F3D0635929A07C3A00EEB520 /* Project object */;
			proxyType = 1;
			remoteGlobalIDString = F3D0636029A07C3A00EEB520;
			remoteInfo = coinX;
		};
/* End PBXContainerItemProxy section */

/* Begin PBXFileReference section */
		F3D0636129A07C3A00EEB520 /* coinX.app */ = {isa = PBXFileReference; explicitFileType = wrapper.application; includeInIndex = 0; path = coinX.app; sourceTree = BUILT_PRODUCTS_DIR; };
		F3D0636429A07C3A00EEB520 /* coinXApp.swift */ = {isa = PBXFileReference; lastKnownFileType = sourcecode.swift; path = coinXApp.swift; sourceTree = "<group>"; };
		F3D0636629A07C3A00EEB520 /* ContentView.swift */ = {isa = PBXFileReference; lastKnownFileType = sourcecode.swift; path = ContentView.swift; sourceTree = "<group>"; };
		F3D0636829A07C3C00EEB520 /* Assets.xcassets */ = {isa = PBXFileReference; lastKnownFileType = folder.assetcatalog; path = Assets.xcassets; sourceTree = "<group>"; };
		F3D0636B29A07C3C00EEB520 /* Preview Assets.xcassets */ = {isa = PBXFileReference; lastKnownFileType = folder.assetcatalog; path = "Preview Assets.xcassets"; sourceTree = "<group>"; };
		F3D0637129A07C3C00EEB520 /* coinXTests.xctest */ = {isa = PBXFileReference; explicitFileType = wrapper.cfbundle; includeInIndex = 0; path = coinXTests.xctest; sourceTree = BUILT_PRODUCTS_DIR; };
		F3D0637529A07C3C00EEB520 /* coinXTests.swift */ = {isa = PBXFileReference; lastKnownFileType = sourcecode.swift; path = coinXTests.swift; sourceTree = "<group>"; };
		F3D0637B29A07C3C00EEB520 /* coinXUITests.xctest */ = {isa = PBXFileReference; explicitFileType = wrapper.cfbundle; includeInIndex = 0; path = coinXUITests.xctest; sourceTree = BUILT_PRODUCTS_DIR; };
		F3D0637F29A07C3C00EEB520 /* coinXUITests.swift */ = {isa = PBXFileReference; lastKnownFileType = sourcecode.swift; path = coinXUITests.swift; sourceTree = "<group>"; };
		F3D0638129A07C3C00EEB520 /* coinXUITestsLaunchTests.swift */ = {isa = PBXFileReference; lastKnownFileType = sourcecode.swift; path = coinXUITestsLaunchTests.swift; sourceTree = "<group>"; };
/* End PBXFileReference section */

/* Begin PBXFrameworksBuildPhase section */
		F3D0635E29A07C3A00EEB520 /* Frameworks */ = {
			isa = PBXFrameworksBuildPhase;
			buildActionMask = 2147483647;
			files = (
			);
			runOnlyForDeploymentPostprocessing = 0;
		};
		F3D0636E29A07C3C00EEB520 /* Frameworks */ = {
			isa = PBXFrameworksBuildPhase;
			buildActionMask = 2147483647;
			files = (
			);
			runOnlyForDeploymentPostprocessing = 0;
		};
		F3D0637829A07C3C00EEB520 /* Frameworks */ = {
			isa = PBXFrameworksBuildPhase;
			buildActionMask = 2147483647;
			files = (
			);
			runOnlyForDeploymentPostprocessing = 0;
		};
/* End PBXFrameworksBuildPhase section */

/* Begin PBXGroup section */
		F3D0635829A07C3A00EEB520 = {
			isa = PBXGroup;
			children = (
				F3D0636329A07C3A00EEB520 /* coinX */,
				F3D0637429A07C3C00EEB520 /* coinXTests */,
				F3D0637E29A07C3C00EEB520 /* coinXUITests */,
				F3D0636229A07C3A00EEB520 /* Products */,
			);
			sourceTree = "<group>";
		};
		F3D0636229A07C3A00EEB520 /* Products */ = {
			isa = PBXGroup;
			children = (
				F3D0636129A07C3A00EEB520 /* coinX.app */,
				F3D0637129A07C3C00EEB520 /* coinXTests.xctest */,
				F3D0637B29A07C3C00EEB520 /* coinXUITests.xctest */,
			);
			name = Products;
			sourceTree = "<group>";
		};
		F3D0636329A07C3A00EEB520 /* coinX */ = {
			isa = PBXGroup;
			children = (
				F3D0636429A07C3A00EEB520 /* coinXApp.swift */,
				F3D0636629A07C3A00EEB520 /* ContentView.swift */,
				F3D0636829A07C3C00EEB520 /* Assets.xcassets */,
				F3D0636A29A07C3C00EEB520 /* Preview Content */,
			);
			path = coinX;
			sourceTree = "<group>";
		};
		F3D0636A29A07C3C00EEB520 /* Preview Content */ = {
			isa = PBXGroup;
			children = (
				F3D0636B29A07C3C00EEB520 /* Preview Assets.xcassets */,
			);
			path = "Preview Content";
			sourceTree = "<group>";
		};
		F3D0637429A07C3C00EEB520 /* coinXTests */ = {
			isa = PBXGroup;
			children = (
				F3D0637529A07C3C00EEB520 /* coinXTests.swift */,
			);
			path = coinXTests;
			sourceTree = "<group>";
		};
		F3D0637E29A07C3C00EEB520 /* coinXUITests */ = {
			isa = PBXGroup;
			children = (
				F3D0637F29A07C3C00EEB520 /* coinXUITests.swift */,
				F3D0638129A07C3C00EEB520 /* coinXUITestsLaunchTests.swift */,
			);
			path = coinXUITests;
			sourceTree = "<group>";
		};
/* End PBXGroup section */

/* Begin PBXNativeTarget section */
		F3D0636029A07C3A00EEB520 /* coinX */ = {
			isa = PBXNativeTarget;
			buildConfigurationList = F3D0638529A07C3C00EEB520 /* Build configuration list for PBXNativeTarget "coinX" */;
			buildPhases = (
				F3D0635D29A07C3A00EEB520 /* Sources */,
				F3D0635E29A07C3A00EEB520 /* Frameworks */,
				F3D0635F29A07C3A00EEB520 /* Resources */,
			);
			buildRules = (
			);
			dependencies = (
			);
			name = coinX;
			productName = coinX;
			productReference = F3D0636129A07C3A00EEB520 /* coinX.app */;
			productType = "com.apple.product-type.application";
		};
		F3D0637029A07C3C00EEB520 /* coinXTests */ = {
			isa = PBXNativeTarget;
			buildConfigurationList = F3D0638829A07C3C00EEB520 /* Build configuration list for PBXNativeTarget "coinXTests" */;
			buildPhases = (
				F3D0636D29A07C3C00EEB520 /* Sources */,
				F3D0636E29A07C3C00EEB520 /* Frameworks */,
				F3D0636F29A07C3C00EEB520 /* Resources */,
			);
			buildRules = (
			);
			dependencies = (
				F3D0637329A07C3C00EEB520 /* PBXTargetDependency */,
			);
			name = coinXTests;
			productName = coinXTests;
			productReference = F3D0637129A07C3C00EEB520 /* coinXTests.xctest */;
			productType = "com.apple.product-type.bundle.unit-test";
		};
		F3D0637A29A07C3C00EEB520 /* coinXUITests */ = {
			isa = PBXNativeTarget;
			buildConfigurationList = F3D0638B29A07C3C00EEB520 /* Build configuration list for PBXNativeTarget "coinXUITests" */;
			buildPhases = (
				F3D0637729A07C3C00EEB520 /* Sources */,
				F3D0637829A07C3C00EEB520 /* Frameworks */,
				F3D0637929A07C3C00EEB520 /* Resources */,
			);
			buildRules = (
			);
			dependencies = (
				F3D0637D29A07C3C00EEB520 /* PBXTargetDependency */,
			);
			name = coinXUITests;
			productName = coinXUITests;
			productReference = F3D0637B29A07C3C00EEB520 /* coinXUITests.xctest */;
			productType = "com.apple.product-type.bundle.ui-testing";
		};
/* End PBXNativeTarget section */

/* Begin PBXProject section */
		F3D0635929A07C3A00EEB520 /* Project object */ = {
			isa = PBXProject;
			attributes = {
				BuildIndependentTargetsInParallel = 1;
				LastSwiftUpdateCheck = 1420;
				LastUpgradeCheck = 1420;
				TargetAttributes = {
					F3D0636029A07C3A00EEB520 = {
						CreatedOnToolsVersion = 14.2;
					};
					F3D0637029A07C3C00EEB520 = {
						CreatedOnToolsVersion = 14.2;
						TestTargetID = F3D0636029A07C3A00EEB520;
					};
					F3D0637A29A07C3C00EEB520 = {
						CreatedOnToolsVersion = 14.2;
						TestTargetID = F3D0636029A07C3A00EEB520;
					};
				};
			};
			buildConfigurationList = F3D0635C29A07C3A00EEB520 /* Build configuration list for PBXProject "coinX" */;
			compatibilityVersion = "Xcode 14.0";
			developmentRegion = en;
			hasScannedForEncodings = 0;
			knownRegions = (
				en,
				Base,
			);
			mainGroup = F3D0635829A07C3A00EEB520;
			productRefGroup = F3D0636229A07C3A00EEB520 /* Products */;
			projectDirPath = "";
			projectRoot = "";
			targets = (
				F3D0636029A07C3A00EEB520 /* coinX */,
				F3D0637029A07C3C00EEB520 /* coinXTests */,
				F3D0637A29A07C3C00EEB520 /* coinXUITests */,
			);
		};
/* End PBXProject section */

/* Begin PBXResourcesBuildPhase section */
		F3D0635F29A07C3A00EEB520 /* Resources */ = {
			isa = PBXResourcesBuildPhase;
			buildActionMask = 2147483647;
			files = (
				F3D0636C29A07C3C00EEB520 /* Preview Assets.xcassets in Resources */,
				F3D0636929A07C3C00EEB520 /* Assets.xcassets in Resources */,
			);
			runOnlyForDeploymentPostprocessing = 0;
		};
		F3D0636F29A07C3C00EEB520 /* Resources */ = {
			isa = PBXResourcesBuildPhase;
			buildActionMask = 2147483647;
			files = (
			);
			runOnlyForDeploymentPostprocessing = 0;
		};
		F3D0637929A07C3C00EEB520 /* Resources */ = {
			isa = PBXResourcesBuildPhase;
			buildActionMask = 2147483647;
			files = (
			);
			runOnlyForDeploymentPostprocessing = 0;
		};
/* End PBXResourcesBuildPhase section */

/* Begin PBXSourcesBuildPhase section */
		F3D0635D29A07C3A00EEB520 /* Sources */ = {
			isa = PBXSourcesBuildPhase;
			buildActionMask = 2147483647;
			files = (
				F3D0636729A07C3A00EEB520 /* ContentView.swift in Sources */,
				F3D0636529A07C3A00EEB520 /* coinXApp.swift in Sources */,
			);
			runOnlyForDeploymentPostprocessing = 0;
		};
		F3D0636D29A07C3C00EEB520 /* Sources */ = {
			isa = PBXSourcesBuildPhase;
			buildActionMask = 2147483647;
			files = (
				F3D0637629A07C3C00EEB520 /* coinXTests.swift in Sources */,
			);
			runOnlyForDeploymentPostprocessing = 0;
		};
		F3D0637729A07C3C00EEB520 /* Sources */ = {
			isa = PBXSourcesBuildPhase;
			buildActionMask = 2147483647;
			files = (
				F3D0638229A07C3C00EEB520 /* coinXUITestsLaunchTests.swift in Sources */,
				F3D0638029A07C3C00EEB520 /* coinXUITests.swift in Sources */,
			);
			runOnlyForDeploymentPostprocessing = 0;
		};
/* End PBXSourcesBuildPhase section */

/* Begin PBXTargetDependency section */
		F3D0637329A07C3C00EEB520 /* PBXTargetDependency */ = {
			isa = PBXTargetDependency;
			target = F3D0636029A07C3A00EEB520 /* coinX */;
			targetProxy = F3D0637229A07C3C00EEB520 /* PBXContainerItemProxy */;
		};
		F3D0637D29A07C3C00EEB520 /* PBXTargetDependency */ = {
			isa = PBXTargetDependency;
			target = F3D0636029A07C3A00EEB520 /* coinX */;
			targetProxy = F3D0637C29A07C3C00EEB520 /* PBXContainerItemProxy */;
		};
/* End PBXTargetDependency section */

/* Begin XCBuildConfiguration section */
		F3D0638329A07C3C00EEB520 /* Debug */ = {
			isa = XCBuildConfiguration;
			buildSettings = {
				ALWAYS_SEARCH_USER_PATHS = NO;
				CLANG_ANALYZER_NONNULL = YES;
				CLANG_ANALYZER_NUMBER_OBJECT_CONVERSION = YES_AGGRESSIVE;
				CLANG_CXX_LANGUAGE_STANDARD = "gnu++20";
				CLANG_ENABLE_MODULES = YES;
				CLANG_ENABLE_OBJC_ARC = YES;
				CLANG_ENABLE_OBJC_WEAK = YES;
				CLANG_WARN_BLOCK_CAPTURE_AUTORELEASING = YES;
				CLANG_WARN_BOOL_CONVERSION = YES;
				CLANG_WARN_COMMA = YES;
				CLANG_WARN_CONSTANT_CONVERSION = YES;
				CLANG_WARN_DEPRECATED_OBJC_IMPLEMENTATIONS = YES;
				CLANG_WARN_DIRECT_OBJC_ISA_USAGE = YES_ERROR;
				CLANG_WARN_DOCUMENTATION_COMMENTS = YES;
				CLANG_WARN_EMPTY_BODY = YES;
				CLANG_WARN_ENUM_CONVERSION = YES;
				CLANG_WARN_INFINITE_RECURSION = YES;
				CLANG_WARN_INT_CONVERSION = YES;
				CLANG_WARN_NON_LITERAL_NULL_CONVERSION = YES;
				CLANG_WARN_OBJC_IMPLICIT_RETAIN_SELF = YES;
				CLANG_WARN_OBJC_LITERAL_CONVERSION = YES;
				CLANG_WARN_OBJC_ROOT_CLASS = YES_ERROR;
				CLANG_WARN_QUOTED_INCLUDE_IN_FRAMEWORK_HEADER = YES;
				CLANG_WARN_RANGE_LOOP_ANALYSIS = YES;
				CLANG_WARN_STRICT_PROTOTYPES = YES;
				CLANG_WARN_SUSPICIOUS_MOVE = YES;
				CLANG_WARN_UNGUARDED_AVAILABILITY = YES_AGGRESSIVE;
				CLANG_WARN_UNREACHABLE_CODE = YES;
				CLANG_WARN__DUPLICATE_METHOD_MATCH = YES;
				COPY_PHASE_STRIP = NO;
				DEBUG_INFORMATION_FORMAT = dwarf;
				ENABLE_STRICT_OBJC_MSGSEND = YES;
				ENABLE_TESTABILITY = YES;
				GCC_C_LANGUAGE_STANDARD = gnu11;
				GCC_DYNAMIC_NO_PIC = NO;
				GCC_NO_COMMON_BLOCKS = YES;
				GCC_OPTIMIZATION_LEVEL = 0;
				GCC_PREPROCESSOR_DEFINITIONS = (
					"DEBUG=1",
					"$(inherited)",
				);
				GCC_WARN_64_TO_32_BIT_CONVERSION = YES;
				GCC_WARN_ABOUT_RETURN_TYPE = YES_ERROR;
				GCC_WARN_UNDECLARED_SELECTOR = YES;
				GCC_WARN_UNINITIALIZED_AUTOS = YES_AGGRESSIVE;
				GCC_WARN_UNUSED_FUNCTION = YES;
				GCC_WARN_UNUSED_VARIABLE = YES;
				IPHONEOS_DEPLOYMENT_TARGET = 16.2;
				MTL_ENABLE_DEBUG_INFO = INCLUDE_SOURCE;
				MTL_FAST_MATH = YES;
				ONLY_ACTIVE_ARCH = YES;
				SDKROOT = iphoneos;
				SWIFT_ACTIVE_COMPILATION_CONDITIONS = DEBUG;
				SWIFT_OPTIMIZATION_LEVEL = "-Onone";
			};
			name = Debug;
		};
		F3D0638429A07C3C00EEB520 /* Release */ = {
			isa = XCBuildConfiguration;
			buildSettings = {
				ALWAYS_SEARCH_USER_PATHS = NO;
				CLANG_ANALYZER_NONNULL = YES;
				CLANG_ANALYZER_NUMBER_OBJECT_CONVERSION = YES_AGGRESSIVE;
				CLANG_CXX_LANGUAGE_STANDARD = "gnu++20";
				CLANG_ENABLE_MODULES = YES;
				CLANG_ENABLE_OBJC_ARC = YES;
				CLANG_ENABLE_OBJC_WEAK = YES;
				CLANG_WARN_BLOCK_CAPTURE_AUTORELEASING = YES;
				CLANG_WARN_BOOL_CONVERSION = YES;
				CLANG_WARN_COMMA = YES;
				CLANG_WARN_CONSTANT_CONVERSION = YES;
				CLANG_WARN_DEPRECATED_OBJC_IMPLEMENTATIONS = YES;
				CLANG_WARN_DIRECT_OBJC_ISA_USAGE = YES_ERROR;
				CLANG_WARN_DOCUMENTATION_COMMENTS = YES;
				CLANG_WARN_EMPTY_BODY = YES;
				CLANG_WARN_ENUM_CONVERSION = YES;
				CLANG_WARN_INFINITE_RECURSION = YES;
				CLANG_WARN_INT_CONVERSION = YES;
				CLANG_WARN_NON_LITERAL_NULL_CONVERSION = YES;
				CLANG_WARN_OBJC_IMPLICIT_RETAIN_SELF = YES;
				CLANG_WARN_OBJC_LITERAL_CONVERSION = YES;
				CLANG_WARN_OBJC_ROOT_CLASS = YES_ERROR;
				CLANG_WARN_QUOTED_INCLUDE_IN_FRAMEWORK_HEADER = YES;
				CLANG_WARN_RANGE_LOOP_ANALYSIS = YES;
				CLANG_WARN_STRICT_PROTOTYPES = YES;
				CLANG_WARN_SUSPICIOUS_MOVE = YES;
				CLANG_WARN_UNGUARDED_AVAILABILITY = YES_AGGRESSIVE;
				CLANG_WARN_UNREACHABLE_CODE = YES;
				CLANG_WARN__DUPLICATE_METHOD_MATCH = YES;
				COPY_PHASE_STRIP = NO;
				DEBUG_INFORMATION_FORMAT = "dwarf-with-dsym";
				ENABLE_NS_ASSERTIONS = NO;
				ENABLE_STRICT_OBJC_MSGSEND = YES;
				GCC_C_LANGUAGE_STANDARD = gnu11;
				GCC_NO_COMMON_BLOCKS = YES;
				GCC_WARN_64_TO_32_BIT_CONVERSION = YES;
				GCC_WARN_ABOUT_RETURN_TYPE = YES_ERROR;
				GCC_WARN_UNDECLARED_SELECTOR = YES;
				GCC_WARN_UNINITIALIZED_AUTOS = YES_AGGRESSIVE;
				GCC_WARN_UNUSED_FUNCTION = YES;
				GCC_WARN_UNUSED_VARIABLE = YES;
				IPHONEOS_DEPLOYMENT_TARGET = 16.2;
				MTL_ENABLE_DEBUG_INFO = NO;
				MTL_FAST_MATH = YES;
				SDKROOT = iphoneos;
				SWIFT_COMPILATION_MODE = wholemodule;
				SWIFT_OPTIMIZATION_LEVEL = "-O";
				VALIDATE_PRODUCT = YES;
			};
			name = Release;
		};
		F3D0638629A07C3C00EEB520 /* Debug */ = {
			isa = XCBuildConfiguration;
			buildSettings = {
				ASSETCATALOG_COMPILER_APPICON_NAME = AppIcon;
				ASSETCATALOG_COMPILER_GLOBAL_ACCENT_COLOR_NAME = AccentColor;
				CODE_SIGN_STYLE = Automatic;
				CURRENT_PROJECT_VERSION = 1;
				DEVELOPMENT_ASSET_PATHS = "\"coinX/Preview Content\"";
				DEVELOPMENT_TEAM = UDN38C656M;
				ENABLE_PREVIEWS = YES;
				GENERATE_INFOPLIST_FILE = YES;
				INFOPLIST_KEY_UIApplicationSceneManifest_Generation = YES;
				INFOPLIST_KEY_UIApplicationSupportsIndirectInputEvents = YES;
				INFOPLIST_KEY_UILaunchScreen_Generation = YES;
				INFOPLIST_KEY_UISupportedInterfaceOrientations_iPad = "UIInterfaceOrientationPortrait UIInterfaceOrientationPortraitUpsideDown UIInterfaceOrientationLandscapeLeft UIInterfaceOrientationLandscapeRight";
				INFOPLIST_KEY_UISupportedInterfaceOrientations_iPhone = "UIInterfaceOrientationPortrait UIInterfaceOrientationLandscapeLeft UIInterfaceOrientationLandscapeRight";
				LD_RUNPATH_SEARCH_PATHS = (
					"$(inherited)",
					"@executable_path/Frameworks",
				);
				MARKETING_VERSION = 1.0;
				PRODUCT_BUNDLE_IDENTIFIER = Ecodation.coinX;
				PRODUCT_NAME = "$(TARGET_NAME)";
				SWIFT_EMIT_LOC_STRINGS = YES;
				SWIFT_VERSION = 5.0;
				TARGETED_DEVICE_FAMILY = "1,2";
			};
			name = Debug;
		};
		F3D0638729A07C3C00EEB520 /* Release */ = {
			isa = XCBuildConfiguration;
			buildSettings = {
				ASSETCATALOG_COMPILER_APPICON_NAME = AppIcon;
				ASSETCATALOG_COMPILER_GLOBAL_ACCENT_COLOR_NAME = AccentColor;
				CODE_SIGN_STYLE = Automatic;
				CURRENT_PROJECT_VERSION = 1;
				DEVELOPMENT_ASSET_PATHS = "\"coinX/Preview Content\"";
				DEVELOPMENT_TEAM = UDN38C656M;
				ENABLE_PREVIEWS = YES;
				GENERATE_INFOPLIST_FILE = YES;
				INFOPLIST_KEY_UIApplicationSceneManifest_Generation = YES;
				INFOPLIST_KEY_UIApplicationSupportsIndirectInputEvents = YES;
				INFOPLIST_KEY_UILaunchScreen_Generation = YES;
				INFOPLIST_KEY_UISupportedInterfaceOrientations_iPad = "UIInterfaceOrientationPortrait UIInterfaceOrientationPortraitUpsideDown UIInterfaceOrientationLandscapeLeft UIInterfaceOrientationLandscapeRight";
				INFOPLIST_KEY_UISupportedInterfaceOrientations_iPhone = "UIInterfaceOrientationPortrait UIInterfaceOrientationLandscapeLeft UIInterfaceOrientationLandscapeRight";
				LD_RUNPATH_SEARCH_PATHS = (
					"$(inherited)",
					"@executable_path/Frameworks",
				);
				MARKETING_VERSION = 1.0;
				PRODUCT_BUNDLE_IDENTIFIER = Ecodation.coinX;
				PRODUCT_NAME = "$(TARGET_NAME)";
				SWIFT_EMIT_LOC_STRINGS = YES;
				SWIFT_VERSION = 5.0;
				TARGETED_DEVICE_FAMILY = "1,2";
			};
			name = Release;
		};
		F3D0638929A07C3C00EEB520 /* Debug */ = {
			isa = XCBuildConfiguration;
			buildSettings = {
				ALWAYS_EMBED_SWIFT_STANDARD_LIBRARIES = YES;
				BUNDLE_LOADER = "$(TEST_HOST)";
				CODE_SIGN_STYLE = Automatic;
				CURRENT_PROJECT_VERSION = 1;
				DEVELOPMENT_TEAM = UDN38C656M;
				GENERATE_INFOPLIST_FILE = YES;
				IPHONEOS_DEPLOYMENT_TARGET = 16.2;
				MARKETING_VERSION = 1.0;
				PRODUCT_BUNDLE_IDENTIFIER = Ecodation.coinXTests;
				PRODUCT_NAME = "$(TARGET_NAME)";
				SWIFT_EMIT_LOC_STRINGS = NO;
				SWIFT_VERSION = 5.0;
				TARGETED_DEVICE_FAMILY = "1,2";
				TEST_HOST = "$(BUILT_PRODUCTS_DIR)/coinX.app/$(BUNDLE_EXECUTABLE_FOLDER_PATH)/coinX";
			};
			name = Debug;
		};
		F3D0638A29A07C3C00EEB520 /* Release */ = {
			isa = XCBuildConfiguration;
			buildSettings = {
				ALWAYS_EMBED_SWIFT_STANDARD_LIBRARIES = YES;
				BUNDLE_LOADER = "$(TEST_HOST)";
				CODE_SIGN_STYLE = Automatic;
				CURRENT_PROJECT_VERSION = 1;
				DEVELOPMENT_TEAM = UDN38C656M;
				GENERATE_INFOPLIST_FILE = YES;
				IPHONEOS_DEPLOYMENT_TARGET = 16.2;
				MARKETING_VERSION = 1.0;
				PRODUCT_BUNDLE_IDENTIFIER = Ecodation.coinXTests;
				PRODUCT_NAME = "$(TARGET_NAME)";
				SWIFT_EMIT_LOC_STRINGS = NO;
				SWIFT_VERSION = 5.0;
				TARGETED_DEVICE_FAMILY = "1,2";
				TEST_HOST = "$(BUILT_PRODUCTS_DIR)/coinX.app/$(BUNDLE_EXECUTABLE_FOLDER_PATH)/coinX";
			};
			name = Release;
		};
		F3D0638C29A07C3C00EEB520 /* Debug */ = {
			isa = XCBuildConfiguration;
			buildSettings = {
				ALWAYS_EMBED_SWIFT_STANDARD_LIBRARIES = YES;
				CODE_SIGN_STYLE = Automatic;
				CURRENT_PROJECT_VERSION = 1;
				DEVELOPMENT_TEAM = UDN38C656M;
				GENERATE_INFOPLIST_FILE = YES;
				MARKETING_VERSION = 1.0;
				PRODUCT_BUNDLE_IDENTIFIER = Ecodation.coinXUITests;
				PRODUCT_NAME = "$(TARGET_NAME)";
				SWIFT_EMIT_LOC_STRINGS = NO;
				SWIFT_VERSION = 5.0;
				TARGETED_DEVICE_FAMILY = "1,2";
				TEST_TARGET_NAME = coinX;
			};
			name = Debug;
		};
		F3D0638D29A07C3C00EEB520 /* Release */ = {
			isa = XCBuildConfiguration;
			buildSettings = {
				ALWAYS_EMBED_SWIFT_STANDARD_LIBRARIES = YES;
				CODE_SIGN_STYLE = Automatic;
				CURRENT_PROJECT_VERSION = 1;
				DEVELOPMENT_TEAM = UDN38C656M;
				GENERATE_INFOPLIST_FILE = YES;
				MARKETING_VERSION = 1.0;
				PRODUCT_BUNDLE_IDENTIFIER = Ecodation.coinXUITests;
				PRODUCT_NAME = "$(TARGET_NAME)";
				SWIFT_EMIT_LOC_STRINGS = NO;
				SWIFT_VERSION = 5.0;
				TARGETED_DEVICE_FAMILY = "1,2";
				TEST_TARGET_NAME = coinX;
			};
			name = Release;
		};
/* End XCBuildConfiguration section */

/* Begin XCConfigurationList section */
		F3D0635C29A07C3A00EEB520 /* Build configuration list for PBXProject "coinX" */ = {
			isa = XCConfigurationList;
			buildConfigurations = (
				F3D0638329A07C3C00EEB520 /* Debug */,
				F3D0638429A07C3C00EEB520 /* Release */,
			);
			defaultConfigurationIsVisible = 0;
			defaultConfigurationName = Release;
		};
		F3D0638529A07C3C00EEB520 /* Build configuration list for PBXNativeTarget "coinX" */ = {
			isa = XCConfigurationList;
			buildConfigurations = (
				F3D0638629A07C3C00EEB520 /* Debug */,
				F3D0638729A07C3C00EEB520 /* Release */,
			);
			defaultConfigurationIsVisible = 0;
			defaultConfigurationName = Release;
		};
		F3D0638829A07C3C00EEB520 /* Build configuration list for PBXNativeTarget "coinXTests" */ = {
			isa = XCConfigurationList;
			buildConfigurations = (
				F3D0638929A07C3C00EEB520 /* Debug */,
				F3D0638A29A07C3C00EEB520 /* Release */,
			);
			defaultConfigurationIsVisible = 0;
			defaultConfigurationName = Release;
		};
		F3D0638B29A07C3C00EEB520 /* Build configuration list for PBXNativeTarget "coinXUITests" */ = {
			isa = XCConfigurationList;
			buildConfigurations = (
				F3D0638C29A07C3C00EEB520 /* Debug */,
				F3D0638D29A07C3C00EEB520 /* Release */,
			);
			defaultConfigurationIsVisible = 0;
			defaultConfigurationName = Release;
		};
/* End XCConfigurationList section */
	};
	rootObject = F3D0635929A07C3A00EEB520 /* Project object */;
}
